
Microsoft Visual Studio Solution File, Format Version 12.00
# Visual Studio Version 17
VisualStudioVersion = 17.3.32804.467
MinimumVisualStudioVersion = 10.0.40219.1
Project("{9A19103F-16F7-4668-BE54-9A1E7A4F7556}") = "GesEdu", "GesEdu\GesEdu.csproj", "{612B04CC-A9A4-444B-8478-04E192CD0E33}"
EndProject
Project("{9A19103F-16F7-4668-BE54-9A1E7A4F7556}") = "GesEdu.Shared", "GesEdu.Shared\GesEdu.Shared.csproj", "{C703759A-573B-4AF2-B1A4-95A66D4DC5DC}"
EndProject
Project("{9A19103F-16F7-4668-BE54-9A1E7A4F7556}") = "GesEdu.DataLayer", "GesEdu.DataLayer\GesEdu.DataLayer.csproj", "{B47A4C5D-9F5D-4C5B-BE29-FE76102505BF}"
EndProject
Project("{9A19103F-16F7-4668-BE54-9A1E7A4F7556}") = "GesEdu.ServiceLayer", "GesEdu.ServiceLayer\GesEdu.ServiceLayer.csproj", "{A3909ADF-3B2E-4162-B5B4-C5ACB2735083}"
EndProject
Project("{2150E333-8FDC-42A3-9474-1A3956D46DE8}") = "Solution Items", "Solution Items", "{535E5A99-3E08-455A-8E8E-ED3C2F4FFBCE}"
	ProjectSection(SolutionItems) = preProject
		.editorconfig = .editorconfig
	EndProjectSection
EndProject
Global
	GlobalSection(SolutionConfigurationPlatforms) = preSolution
		Debug|Any CPU = Debug|Any CPU
		Release|Any CPU = Release|Any CPU
	EndGlobalSection
	GlobalSection(ProjectConfigurationPlatforms) = postSolution
		{612B04CC-A9A4-444B-8478-04E192CD0E33}.Debug|Any CPU.ActiveCfg = Debug|Any CPU
		{612B04CC-A9A4-444B-8478-04E192CD0E33}.Debug|Any CPU.Build.0 = Debug|Any CPU
		{612B04CC-A9A4-444B-8478-04E192CD0E33}.Release|Any CPU.ActiveCfg = Release|Any CPU
		{612B04CC-A9A4-444B-8478-04E192CD0E33}.Release|Any CPU.Build.0 = Release|Any CPU
		{C703759A-573B-4AF2-B1A4-95A66D4DC5DC}.Debug|Any CPU.ActiveCfg = Debug|Any CPU
		{C703759A-573B-4AF2-B1A4-95A66D4DC5DC}.Debug|Any CPU.Build.0 = Debug|Any CPU
		{C703759A-573B-4AF2-B1A4-95A66D4DC5DC}.Release|Any CPU.ActiveCfg = Release|Any CPU
		{C703759A-573B-4AF2-B1A4-95A66D4DC5DC}.Release|Any CPU.Build.0 = Release|Any CPU
		{B47A4C5D-9F5D-4C5B-BE29-FE76102505BF}.Debug|Any CPU.ActiveCfg = Debug|Any CPU
		{B47A4C5D-9F5D-4C5B-BE29-FE76102505BF}.Debug|Any CPU.Build.0 = Debug|Any CPU
		{B47A4C5D-9F5D-4C5B-BE29-FE76102505BF}.Release|Any CPU.ActiveCfg = Release|Any CPU
		{B47A4C5D-9F5D-4C5B-BE29-FE76102505BF}.Release|Any CPU.Build.0 = Release|Any CPU
		{A3909ADF-3B2E-4162-B5B4-C5ACB2735083}.Debug|Any CPU.ActiveCfg = Debug|Any CPU
		{A3909ADF-3B2E-4162-B5B4-C5ACB2735083}.Debug|Any CPU.Build.0 = Debug|Any CPU
		{A3909ADF-3B2E-4162-B5B4-C5ACB2735083}.Release|Any CPU.ActiveCfg = Release|Any CPU
		{A3909ADF-3B2E-4162-B5B4-C5ACB2735083}.Release|Any CPU.Build.0 = Release|Any CPU
	EndGlobalSection
	GlobalSection(SolutionProperties) = preSolution
		HideSolutionNode = FALSE
	EndGlobalSection
	GlobalSection(ExtensibilityGlobals) = postSolution
		SolutionGuid = {C3037FE9-00CE-4CCC-A9ED-E29D29B05B53}
	EndGlobalSection
EndGlobal
